// !$*UTF8*$!
{
	archiveVersion = 1;
	classes = {
	};
	objectVersion = 48;
	objects = {

/* Begin PBXBuildFile section */
		C5B8CA7220026BFE00D396CA /* AppDelegate.m in Sources */ = {isa = PBXBuildFile; fileRef = C5B8CA7120026BFE00D396CA /* AppDelegate.m */; };
		C5B8CA7520026BFE00D396CA /* ViewController.m in Sources */ = {isa = PBXBuildFile; fileRef = C5B8CA7420026BFE00D396CA /* ViewController.m */; };
		C5B8CA7720026BFE00D396CA /* Assets.xcassets in Resources */ = {isa = PBXBuildFile; fileRef = C5B8CA7620026BFE00D396CA /* Assets.xcassets */; };
		C5B8CA7A20026BFE00D396CA /* Main.storyboard in Resources */ = {isa = PBXBuildFile; fileRef = C5B8CA7820026BFE00D396CA /* Main.storyboard */; };
		C5B8CA7D20026BFE00D396CA /* main.m in Sources */ = {isa = PBXBuildFile; fileRef = C5B8CA7C20026BFE00D396CA /* main.m */; };
		C5B8CA8B20026C1600D396CA /* Quartz.framework in Frameworks */ = {isa = PBXBuildFile; fileRef = C5B8CA8A20026C1600D396CA /* Quartz.framework */; };
		C5B8CA8F20026C1700D396CA /* PreviewViewController.m in Sources */ = {isa = PBXBuildFile; fileRef = C5B8CA8E20026C1700D396CA /* PreviewViewController.m */; };
		C5B8CA9220026C1700D396CA /* PreviewViewController.xib in Resources */ = {isa = PBXBuildFile; fileRef = C5B8CA9020026C1700D396CA /* PreviewViewController.xib */; };
		C5B8CA9720026C1700D396CA /* QLPreviewLeak.appex in Embed App Extensions */ = {isa = PBXBuildFile; fileRef = C5B8CA8820026C1600D396CA /* QLPreviewLeak.appex */; settings = {ATTRIBUTES = (RemoveHeadersOnCopy, ); }; };
/* End PBXBuildFile section */

/* Begin PBXContainerItemProxy section */
		C5B8CA9520026C1700D396CA /* PBXContainerItemProxy */ = {
			isa = PBXContainerItemProxy;
			containerPortal = C5B8CA6520026BFE00D396CA /* Project object */;
			proxyType = 1;
			remoteGlobalIDString = C5B8CA8720026C1600D396CA;
			remoteInfo = QLPreviewLeak;
		};
/* End PBXContainerItemProxy section */

/* Begin PBXCopyFilesBuildPhase section */
		C5B8CA9B20026C1700D396CA /* Embed App Extensions */ = {
			isa = PBXCopyFilesBuildPhase;
			buildActionMask = 2147483647;
			dstPath = "";
			dstSubfolderSpec = 13;
			files = (
				C5B8CA9720026C1700D396CA /* QLPreviewLeak.appex in Embed App Extensions */,
			);
			name = "Embed App Extensions";
			runOnlyForDeploymentPostprocessing = 0;
		};
/* End PBXCopyFilesBuildPhase section */

/* Begin PBXFileReference section */
		C5B8CA6D20026BFE00D396CA /* PreviewLeak.app */ = {isa = PBXFileReference; explicitFileType = wrapper.application; includeInIndex = 0; path = PreviewLeak.app; sourceTree = BUILT_PRODUCTS_DIR; };
		C5B8CA7020026BFE00D396CA /* AppDelegate.h */ = {isa = PBXFileReference; lastKnownFileType = sourcecode.c.h; path = AppDelegate.h; sourceTree = "<group>"; };
		C5B8CA7120026BFE00D396CA /* AppDelegate.m */ = {isa = PBXFileReference; lastKnownFileType = sourcecode.c.objc; path = AppDelegate.m; sourceTree = "<group>"; };
		C5B8CA7320026BFE00D396CA /* ViewController.h */ = {isa = PBXFileReference; lastKnownFileType = sourcecode.c.h; path = ViewController.h; sourceTree = "<group>"; };
		C5B8CA7420026BFE00D396CA /* ViewController.m */ = {isa = PBXFileReference; lastKnownFileType = sourcecode.c.objc; path = ViewController.m; sourceTree = "<group>"; };
		C5B8CA7620026BFE00D396CA /* Assets.xcassets */ = {isa = PBXFileReference; lastKnownFileType = folder.assetcatalog; path = Assets.xcassets; sourceTree = "<group>"; };
		C5B8CA7920026BFE00D396CA /* Base */ = {isa = PBXFileReference; lastKnownFileType = file.storyboard; name = Base; path = Base.lproj/Main.storyboard; sourceTree = "<group>"; };
		C5B8CA7B20026BFE00D396CA /* Info.plist */ = {isa = PBXFileReference; lastKnownFileType = text.plist.xml; path = Info.plist; sourceTree = "<group>"; };
		C5B8CA7C20026BFE00D396CA /* main.m */ = {isa = PBXFileReference; lastKnownFileType = sourcecode.c.objc; path = main.m; sourceTree = "<group>"; };
		C5B8CA7E20026BFE00D396CA /* PreviewLeak.entitlements */ = {isa = PBXFileReference; lastKnownFileType = text.plist.entitlements; path = PreviewLeak.entitlements; sourceTree = "<group>"; };
		C5B8CA8820026C1600D396CA /* QLPreviewLeak.appex */ = {isa = PBXFileReference; explicitFileType = "wrapper.app-extension"; includeInIndex = 0; path = QLPreviewLeak.appex; sourceTree = BUILT_PRODUCTS_DIR; };
		C5B8CA8A20026C1600D396CA /* Quartz.framework */ = {isa = PBXFileReference; lastKnownFileType = wrapper.framework; name = Quartz.framework; path = System/Library/Frameworks/Quartz.framework; sourceTree = SDKROOT; };
		C5B8CA8D20026C1700D396CA /* PreviewViewController.h */ = {isa = PBXFileReference; lastKnownFileType = sourcecode.c.h; path = PreviewViewController.h; sourceTree = "<group>"; };
		C5B8CA8E20026C1700D396CA /* PreviewViewController.m */ = {isa = PBXFileReference; lastKnownFileType = sourcecode.c.objc; path = PreviewViewController.m; sourceTree = "<group>"; };
		C5B8CA9120026C1700D396CA /* Base */ = {isa = PBXFileReference; lastKnownFileType = file.xib; name = Base; path = Base.lproj/PreviewViewController.xib; sourceTree = "<group>"; };
		C5B8CA9320026C1700D396CA /* Info.plist */ = {isa = PBXFileReference; lastKnownFileType = text.plist.xml; path = Info.plist; sourceTree = "<group>"; };
		C5B8CA9420026C1700D396CA /* QLPreviewLeak.entitlements */ = {isa = PBXFileReference; lastKnownFileType = text.plist.entitlements; path = QLPreviewLeak.entitlements; sourceTree = "<group>"; };
/* End PBXFileReference section */

/* Begin PBXFrameworksBuildPhase section */
		C5B8CA6A20026BFE00D396CA /* Frameworks */ = {
			isa = PBXFrameworksBuildPhase;
			buildActionMask = 2147483647;
			files = (
			);
			runOnlyForDeploymentPostprocessing = 0;
		};
		C5B8CA8520026C1600D396CA /* Frameworks */ = {
			isa = PBXFrameworksBuildPhase;
			buildActionMask = 2147483647;
			files = (
				C5B8CA8B20026C1600D396CA /* Quartz.framework in Frameworks */,
			);
			runOnlyForDeploymentPostprocessing = 0;
		};
/* End PBXFrameworksBuildPhase section */

/* Begin PBXGroup section */
		C5B8CA6420026BFE00D396CA = {
			isa = PBXGroup;
			children = (
				C5B8CA6F20026BFE00D396CA /* PreviewLeak */,
				C5B8CA8C20026C1600D396CA /* QLPreviewLeak */,
				C5B8CA8920026C1600D396CA /* Frameworks */,
				C5B8CA6E20026BFE00D396CA /* Products */,
			);
			sourceTree = "<group>";
		};
		C5B8CA6E20026BFE00D396CA /* Products */ = {
			isa = PBXGroup;
			children = (
				C5B8CA6D20026BFE00D396CA /* PreviewLeak.app */,
				C5B8CA8820026C1600D396CA /* QLPreviewLeak.appex */,
			);
			name = Products;
			sourceTree = "<group>";
		};
		C5B8CA6F20026BFE00D396CA /* PreviewLeak */ = {
			isa = PBXGroup;
			children = (
				C5B8CA7020026BFE00D396CA /* AppDelegate.h */,
				C5B8CA7120026BFE00D396CA /* AppDelegate.m */,
				C5B8CA7320026BFE00D396CA /* ViewController.h */,
				C5B8CA7420026BFE00D396CA /* ViewController.m */,
				C5B8CA7620026BFE00D396CA /* Assets.xcassets */,
				C5B8CA7820026BFE00D396CA /* Main.storyboard */,
				C5B8CA7B20026BFE00D396CA /* Info.plist */,
				C5B8CA7C20026BFE00D396CA /* main.m */,
				C5B8CA7E20026BFE00D396CA /* PreviewLeak.entitlements */,
			);
			path = PreviewLeak;
			sourceTree = "<group>";
		};
		C5B8CA8920026C1600D396CA /* Frameworks */ = {
			isa = PBXGroup;
			children = (
				C5B8CA8A20026C1600D396CA /* Quartz.framework */,
			);
			name = Frameworks;
			sourceTree = "<group>";
		};
		C5B8CA8C20026C1600D396CA /* QLPreviewLeak */ = {
			isa = PBXGroup;
			children = (
				C5B8CA8D20026C1700D396CA /* PreviewViewController.h */,
				C5B8CA8E20026C1700D396CA /* PreviewViewController.m */,
				C5B8CA9020026C1700D396CA /* PreviewViewController.xib */,
				C5B8CA9320026C1700D396CA /* Info.plist */,
				C5B8CA9420026C1700D396CA /* QLPreviewLeak.entitlements */,
			);
			path = QLPreviewLeak;
			sourceTree = "<group>";
		};
/* End PBXGroup section */

/* Begin PBXNativeTarget section */
		C5B8CA6C20026BFE00D396CA /* PreviewLeak */ = {
			isa = PBXNativeTarget;
			buildConfigurationList = C5B8CA8120026BFE00D396CA /* Build configuration list for PBXNativeTarget "PreviewLeak" */;
			buildPhases = (
				C5B8CA6920026BFE00D396CA /* Sources */,
				C5B8CA6A20026BFE00D396CA /* Frameworks */,
				C5B8CA6B20026BFE00D396CA /* Resources */,
				C5B8CA9B20026C1700D396CA /* Embed App Extensions */,
			);
			buildRules = (
			);
			dependencies = (
				C5B8CA9620026C1700D396CA /* PBXTargetDependency */,
			);
			name = PreviewLeak;
			productName = PreviewLeak;
			productReference = C5B8CA6D20026BFE00D396CA /* PreviewLeak.app */;
			productType = "com.apple.product-type.application";
		};
		C5B8CA8720026C1600D396CA /* QLPreviewLeak */ = {
			isa = PBXNativeTarget;
			buildConfigurationList = C5B8CA9820026C1700D396CA /* Build configuration list for PBXNativeTarget "QLPreviewLeak" */;
			buildPhases = (
				C5B8CA8420026C1600D396CA /* Sources */,
				C5B8CA8520026C1600D396CA /* Frameworks */,
				C5B8CA8620026C1600D396CA /* Resources */,
			);
			buildRules = (
			);
			dependencies = (
			);
			name = QLPreviewLeak;
			productName = QLPreviewLeak;
			productReference = C5B8CA8820026C1600D396CA /* QLPreviewLeak.appex */;
			productType = "com.apple.product-type.app-extension";
		};
/* End PBXNativeTarget section */

/* Begin PBXProject section */
		C5B8CA6520026BFE00D396CA /* Project object */ = {
			isa = PBXProject;
			attributes = {
				LastUpgradeCheck = 0920;
				ORGANIZATIONNAME = "Adam Wulf";
				TargetAttributes = {
					C5B8CA6C20026BFE00D396CA = {
						CreatedOnToolsVersion = 9.2;
						ProvisioningStyle = Automatic;
					};
					C5B8CA8720026C1600D396CA = {
						CreatedOnToolsVersion = 9.2;
						ProvisioningStyle = Automatic;
					};
				};
			};
			buildConfigurationList = C5B8CA6820026BFE00D396CA /* Build configuration list for PBXProject "PreviewLeak" */;
			compatibilityVersion = "Xcode 8.0";
			developmentRegion = en;
			hasScannedForEncodings = 0;
			knownRegions = (
				en,
				Base,
			);
			mainGroup = C5B8CA6420026BFE00D396CA;
			productRefGroup = C5B8CA6E20026BFE00D396CA /* Products */;
			projectDirPath = "";
			projectRoot = "";
			targets = (
				C5B8CA6C20026BFE00D396CA /* PreviewLeak */,
				C5B8CA8720026C1600D396CA /* QLPreviewLeak */,
			);
		};
/* End PBXProject section */

/* Begin PBXResourcesBuildPhase section */
		C5B8CA6B20026BFE00D396CA /* Resources */ = {
			isa = PBXResourcesBuildPhase;
			buildActionMask = 2147483647;
			files = (
				C5B8CA7720026BFE00D396CA /* Assets.xcassets in Resources */,
				C5B8CA7A20026BFE00D396CA /* Main.storyboard in Resources */,
			);
			runOnlyForDeploymentPostprocessing = 0;
		};
		C5B8CA8620026C1600D396CA /* Resources */ = {
			isa = PBXResourcesBuildPhase;
			buildActionMask = 2147483647;
			files = (
				C5B8CA9220026C1700D396CA /* PreviewViewController.xib in Resources */,
			);
			runOnlyForDeploymentPostprocessing = 0;
		};
/* End PBXResourcesBuildPhase section */

/* Begin PBXSourcesBuildPhase section */
		C5B8CA6920026BFE00D396CA /* Sources */ = {
			isa = PBXSourcesBuildPhase;
			buildActionMask = 2147483647;
			files = (
				C5B8CA7520026BFE00D396CA /* ViewController.m in Sources */,
				C5B8CA7D20026BFE00D396CA /* main.m in Sources */,
				C5B8CA7220026BFE00D396CA /* AppDelegate.m in Sources */,
			);
			runOnlyForDeploymentPostprocessing = 0;
		};
		C5B8CA8420026C1600D396CA /* Sources */ = {
			isa = PBXSourcesBuildPhase;
			buildActionMask = 2147483647;
			files = (
				C5B8CA8F20026C1700D396CA /* PreviewViewController.m in Sources */,
			);
			runOnlyForDeploymentPostprocessing = 0;
		};
/* End PBXSourcesBuildPhase section */

/* Begin PBXTargetDependency section */
		C5B8CA9620026C1700D396CA /* PBXTargetDependency */ = {
			isa = PBXTargetDependency;
			target = C5B8CA8720026C1600D396CA /* QLPreviewLeak */;
			targetProxy = C5B8CA9520026C1700D396CA /* PBXContainerItemProxy */;
		};
/* End PBXTargetDependency section */

/* Begin PBXVariantGroup section */
		C5B8CA7820026BFE00D396CA /* Main.storyboard */ = {
			isa = PBXVariantGroup;
			children = (
				C5B8CA7920026BFE00D396CA /* Base */,
			);
			name = Main.storyboard;
			sourceTree = "<group>";
		};
		C5B8CA9020026C1700D396CA /* PreviewViewController.xib */ = {
			isa = PBXVariantGroup;
			children = (
				C5B8CA9120026C1700D396CA /* Base */,
			);
			name = PreviewViewController.xib;
			sourceTree = "<group>";
		};
/* End PBXVariantGroup section */

/* Begin XCBuildConfiguration section */
		C5B8CA7F20026BFE00D396CA /* Debug */ = {
			isa = XCBuildConfiguration;
			buildSettings = {
				ALWAYS_SEARCH_USER_PATHS = NO;
				CLANG_ANALYZER_NONNULL = YES;
				CLANG_ANALYZER_NUMBER_OBJECT_CONVERSION = YES_AGGRESSIVE;
				CLANG_CXX_LANGUAGE_STANDARD = "gnu++14";
				CLANG_CXX_LIBRARY = "libc++";
				CLANG_ENABLE_MODULES = YES;
				CLANG_ENABLE_OBJC_ARC = YES;
				CLANG_WARN_BLOCK_CAPTURE_AUTORELEASING = YES;
				CLANG_WARN_BOOL_CONVERSION = YES;
				CLANG_WARN_COMMA = YES;
				CLANG_WARN_CONSTANT_CONVERSION = YES;
				CLANG_WARN_DIRECT_OBJC_ISA_USAGE = YES_ERROR;
				CLANG_WARN_DOCUMENTATION_COMMENTS = YES;
				CLANG_WARN_EMPTY_BODY = YES;
				CLANG_WARN_ENUM_CONVERSION = YES;
				CLANG_WARN_INFINITE_RECURSION = YES;
				CLANG_WARN_INT_CONVERSION = YES;
				CLANG_WARN_NON_LITERAL_NULL_CONVERSION = YES;
				CLANG_WARN_OBJC_LITERAL_CONVERSION = YES;
				CLANG_WARN_OBJC_ROOT_CLASS = YES_ERROR;
				CLANG_WARN_RANGE_LOOP_ANALYSIS = YES;
				CLANG_WARN_STRICT_PROTOTYPES = YES;
				CLANG_WARN_SUSPICIOUS_MOVE = YES;
				CLANG_WARN_UNGUARDED_AVAILABILITY = YES_AGGRESSIVE;
				CLANG_WARN_UNREACHABLE_CODE = YES;
				CLANG_WARN__DUPLICATE_METHOD_MATCH = YES;
				CODE_SIGN_IDENTITY = "Mac Developer";
				COPY_PHASE_STRIP = NO;
				DEBUG_INFORMATION_FORMAT = dwarf;
				ENABLE_STRICT_OBJC_MSGSEND = YES;
				ENABLE_TESTABILITY = YES;
				GCC_C_LANGUAGE_STANDARD = gnu11;
				GCC_DYNAMIC_NO_PIC = NO;
				GCC_NO_COMMON_BLOCKS = YES;
				GCC_OPTIMIZATION_LEVEL = 0;
				GCC_PREPROCESSOR_DEFINITIONS = (
					"DEBUG=1",
					"$(inherited)",
				);
				GCC_WARN_64_TO_32_BIT_CONVERSION = YES;
				GCC_WARN_ABOUT_RETURN_TYPE = YES_ERROR;
				GCC_WARN_UNDECLARED_SELECTOR = YES;
				GCC_WARN_UNINITIALIZED_AUTOS = YES_AGGRESSIVE;
				GCC_WARN_UNUSED_FUNCTION = YES;
				GCC_WARN_UNUSED_VARIABLE = YES;
				MACOSX_DEPLOYMENT_TARGET = 10.13;
				MTL_ENABLE_DEBUG_INFO = YES;
				ONLY_ACTIVE_ARCH = YES;
				SDKROOT = macosx;
			};
			name = Debug;
		};
		C5B8CA8020026BFE00D396CA /* Release */ = {
			isa = XCBuildConfiguration;
			buildSettings = {
				ALWAYS_SEARCH_USER_PATHS = NO;
				CLANG_ANALYZER_NONNULL = YES;
				CLANG_ANALYZER_NUMBER_OBJECT_CONVERSION = YES_AGGRESSIVE;
				CLANG_CXX_LANGUAGE_STANDARD = "gnu++14";
				CLANG_CXX_LIBRARY = "libc++";
				CLANG_ENABLE_MODULES = YES;
				CLANG_ENABLE_OBJC_ARC = YES;
				CLANG_WARN_BLOCK_CAPTURE_AUTORELEASING = YES;
				CLANG_WARN_BOOL_CONVERSION = YES;
				CLANG_WARN_COMMA = YES;
				CLANG_WARN_CONSTANT_CONVERSION = YES;
				CLANG_WARN_DIRECT_OBJC_ISA_USAGE = YES_ERROR;
				CLANG_WARN_DOCUMENTATION_COMMENTS = YES;
				CLANG_WARN_EMPTY_BODY = YES;
				CLANG_WARN_ENUM_CONVERSION = YES;
				CLANG_WARN_INFINITE_RECURSION = YES;
				CLANG_WARN_INT_CONVERSION = YES;
				CLANG_WARN_NON_LITERAL_NULL_CONVERSION = YES;
				CLANG_WARN_OBJC_LITERAL_CONVERSION = YES;
				CLANG_WARN_OBJC_ROOT_CLASS = YES_ERROR;
				CLANG_WARN_RANGE_LOOP_ANALYSIS = YES;
				CLANG_WARN_STRICT_PROTOTYPES = YES;
				CLANG_WARN_SUSPICIOUS_MOVE = YES;
				CLANG_WARN_UNGUARDED_AVAILABILITY = YES_AGGRESSIVE;
				CLANG_WARN_UNREACHABLE_CODE = YES;
				CLANG_WARN__DUPLICATE_METHOD_MATCH = YES;
				CODE_SIGN_IDENTITY = "Mac Developer";
				COPY_PHASE_STRIP = NO;
				DEBUG_INFORMATION_FORMAT = "dwarf-with-dsym";
				ENABLE_NS_ASSERTIONS = NO;
				ENABLE_STRICT_OBJC_MSGSEND = YES;
				GCC_C_LANGUAGE_STANDARD = gnu11;
				GCC_NO_COMMON_BLOCKS = YES;
				GCC_WARN_64_TO_32_BIT_CONVERSION = YES;
				GCC_WARN_ABOUT_RETURN_TYPE = YES_ERROR;
				GCC_WARN_UNDECLARED_SELECTOR = YES;
				GCC_WARN_UNINITIALIZED_AUTOS = YES_AGGRESSIVE;
				GCC_WARN_UNUSED_FUNCTION = YES;
				GCC_WARN_UNUSED_VARIABLE = YES;
				MACOSX_DEPLOYMENT_TARGET = 10.13;
				MTL_ENABLE_DEBUG_INFO = NO;
				SDKROOT = macosx;
			};
			name = Release;
		};
		C5B8CA8220026BFE00D396CA /* Debug */ = {
			isa = XCBuildConfiguration;
			buildSettings = {
				ASSETCATALOG_COMPILER_APPICON_NAME = AppIcon;
				CODE_SIGN_ENTITLEMENTS = PreviewLeak/PreviewLeak.entitlements;
				CODE_SIGN_STYLE = Automatic;
				COMBINE_HIDPI_IMAGES = YES;
				DEVELOPMENT_TEAM = MU27A4SCKC;
				INFOPLIST_FILE = PreviewLeak/Info.plist;
				LD_RUNPATH_SEARCH_PATHS = "$(inherited) @executable_path/../Frameworks";
				PRODUCT_BUNDLE_IDENTIFIER = com.milestonemade.PreviewLeak;
				PRODUCT_NAME = "$(TARGET_NAME)";
			};
			name = Debug;
		};
		C5B8CA8320026BFE00D396CA /* Release */ = {
			isa = XCBuildConfiguration;
			buildSettings = {
				ASSETCATALOG_COMPILER_APPICON_NAME = AppIcon;
				CODE_SIGN_ENTITLEMENTS = PreviewLeak/PreviewLeak.entitlements;
				CODE_SIGN_STYLE = Automatic;
				COMBINE_HIDPI_IMAGES = YES;
				DEVELOPMENT_TEAM = MU27A4SCKC;
				INFOPLIST_FILE = PreviewLeak/Info.plist;
				LD_RUNPATH_SEARCH_PATHS = "$(inherited) @executable_path/../Frameworks";
				PRODUCT_BUNDLE_IDENTIFIER = com.milestonemade.PreviewLeak;
				PRODUCT_NAME = "$(TARGET_NAME)";
			};
			name = Release;
		};
		C5B8CA9920026C1700D396CA /* Debug */ = {
			isa = XCBuildConfiguration;
			buildSettings = {
				CODE_SIGN_ENTITLEMENTS = QLPreviewLeak/QLPreviewLeak.entitlements;
				CODE_SIGN_STYLE = Automatic;
				DEVELOPMENT_TEAM = MU27A4SCKC;
				INFOPLIST_FILE = QLPreviewLeak/Info.plist;
				LD_RUNPATH_SEARCH_PATHS = "$(inherited) @executable_path/../Frameworks @executable_path/../../../../Frameworks";
				PRODUCT_BUNDLE_IDENTIFIER = com.milestonemade.PreviewLeak.QLPreviewLeak;
				PRODUCT_NAME = "$(TARGET_NAME)";
				SKIP_INSTALL = YES;
			};
			name = Debug;
		};
		C5B8CA9A20026C1700D396CA /* Release */ = {
			isa = XCBuildConfiguration;
			buildSettings = {
				CODE_SIGN_ENTITLEMENTS = QLPreviewLeak/QLPreviewLeak.entitlements;
				CODE_SIGN_STYLE = Automatic;
				DEVELOPMENT_TEAM = MU27A4SCKC;
				INFOPLIST_FILE = QLPreviewLeak/Info.plist;
				LD_RUNPATH_SEARCH_PATHS = "$(inherited) @executable_path/../Frameworks @executable_path/../../../../Frameworks";
				PRODUCT_BUNDLE_IDENTIFIER = com.milestonemade.PreviewLeak.QLPreviewLeak;
				PRODUCT_NAME = "$(TARGET_NAME)";
				SKIP_INSTALL = YES;
			};
			name = Release;
		};
/* End XCBuildConfiguration section */

/* Begin XCConfigurationList section */
		C5B8CA6820026BFE00D396CA /* Build configuration list for PBXProject "PreviewLeak" */ = {
			isa = XCConfigurationList;
			buildConfigurations = (
				C5B8CA7F20026BFE00D396CA /* Debug */,
				C5B8CA8020026BFE00D396CA /* Release */,
			);
			defaultConfigurationIsVisible = 0;
			defaultConfigurationName = Release;
		};
		C5B8CA8120026BFE00D396CA /* Build configuration list for PBXNativeTarget "PreviewLeak" */ = {
			isa = XCConfigurationList;
			buildConfigurations = (
				C5B8CA8220026BFE00D396CA /* Debug */,
				C5B8CA8320026BFE00D396CA /* Release */,
			);
			defaultConfigurationIsVisible = 0;
			defaultConfigurationName = Release;
		};
		C5B8CA9820026C1700D396CA /* Build configuration list for PBXNativeTarget "QLPreviewLeak" */ = {
			isa = XCConfigurationList;
			buildConfigurations = (
				C5B8CA9920026C1700D396CA /* Debug */,
				C5B8CA9A20026C1700D396CA /* Release */,
			);
			defaultConfigurationIsVisible = 0;
			defaultConfigurationName = Release;
		};
/* End XCConfigurationList section */
	};
	rootObject = C5B8CA6520026BFE00D396CA /* Project object */;
}
